
Microsoft Visual Studio Solution File, Format Version 12.00
# Visual Studio Version 16
VisualStudioVersion = 16.0.29411.108
MinimumVisualStudioVersion = 10.0.40219.1
Project("{FAE04EC0-301F-11D3-BF4B-00C04F79EFBC}") = "Tobias_Victor_Lab2ID", "Tobias_Victor_Lab2ID.csproj", "{410AA400-CAF9-45DE-8FEE-AFDA88B5878B}"
EndProject
Global
	GlobalSection(SolutionConfigurationPlatforms) = preSolution
		Debug|Any CPU = Debug|Any CPU
		Release|Any CPU = Release|Any CPU
	EndGlobalSection
	GlobalSection(ProjectConfigurationPlatforms) = postSolution
		{410AA400-CAF9-45DE-8FEE-AFDA88B5878B}.Debug|Any CPU.ActiveCfg = Debug|Any CPU
		{410AA400-CAF9-45DE-8FEE-AFDA88B5878B}.Debug|Any CPU.Build.0 = Debug|Any CPU
		{410AA400-CAF9-45DE-8FEE-AFDA88B5878B}.Release|Any CPU.ActiveCfg = Release|Any CPU
		{410AA400-CAF9-45DE-8FEE-AFDA88B5878B}.Release|Any CPU.Build.0 = Release|Any CPU
	EndGlobalSection
	GlobalSection(SolutionProperties) = preSolution
		HideSolutionNode = FALSE
	EndGlobalSection
	GlobalSection(ExtensibilityGlobals) = postSolution
		SolutionGuid = {522068CB-BA4B-42DA-9560-D1CF9B104C03}
	EndGlobalSection
EndGlobal
